
Microsoft Visual Studio Solution File, Format Version 12.00
# Visual Studio Version 16
VisualStudioVersion = 16.0.31727.386
MinimumVisualStudioVersion = 10.0.40219.1
Project("{FAE04EC0-301F-11D3-BF4B-00C04F79EFBC}") = "TrinusBank", "TrinusBank.csproj", "{93BAE067-F580-4F97-8C6D-F03F59BE0669}"
EndProject
Project("{FAE04EC0-301F-11D3-BF4B-00C04F79EFBC}") = "TrinusBank.Models", "..\TrinusBank.Models\TrinusBank.Models.csproj", "{39A3F3AB-307D-43DC-9C4E-A7855A805E34}"
EndProject
Global
	GlobalSection(SolutionConfigurationPlatforms) = preSolution
		Debug|Any CPU = Debug|Any CPU
		Release|Any CPU = Release|Any CPU
	EndGlobalSection
	GlobalSection(ProjectConfigurationPlatforms) = postSolution
		{93BAE067-F580-4F97-8C6D-F03F59BE0669}.Debug|Any CPU.ActiveCfg = Debug|Any CPU
		{93BAE067-F580-4F97-8C6D-F03F59BE0669}.Debug|Any CPU.Build.0 = Debug|Any CPU
		{93BAE067-F580-4F97-8C6D-F03F59BE0669}.Release|Any CPU.ActiveCfg = Release|Any CPU
		{93BAE067-F580-4F97-8C6D-F03F59BE0669}.Release|Any CPU.Build.0 = Release|Any CPU
		{39A3F3AB-307D-43DC-9C4E-A7855A805E34}.Debug|Any CPU.ActiveCfg = Debug|Any CPU
		{39A3F3AB-307D-43DC-9C4E-A7855A805E34}.Debug|Any CPU.Build.0 = Debug|Any CPU
		{39A3F3AB-307D-43DC-9C4E-A7855A805E34}.Release|Any CPU.ActiveCfg = Release|Any CPU
		{39A3F3AB-307D-43DC-9C4E-A7855A805E34}.Release|Any CPU.Build.0 = Release|Any CPU
	EndGlobalSection
	GlobalSection(SolutionProperties) = preSolution
		HideSolutionNode = FALSE
	EndGlobalSection
	GlobalSection(ExtensibilityGlobals) = postSolution
		SolutionGuid = {86EA2EB1-84E6-4DF9-8C62-7591A728364D}
	EndGlobalSection
EndGlobal
